
Microsoft Visual Studio Solution File, Format Version 12.00
# Visual Studio 15
VisualStudioVersion = 15.0.28307.329
MinimumVisualStudioVersion = 10.0.40219.1
Project("{FAE04EC0-301F-11D3-BF4B-00C04F79EFBC}") = "Apteca", "Apteca\Apteca.csproj", "{DCCD0365-A232-47C7-AB98-3B559598874B}"
EndProject
Global
	GlobalSection(SolutionConfigurationPlatforms) = preSolution
		Debug|Any CPU = Debug|Any CPU
		Release|Any CPU = Release|Any CPU
	EndGlobalSection
	GlobalSection(ProjectConfigurationPlatforms) = postSolution
		{DCCD0365-A232-47C7-AB98-3B559598874B}.Debug|Any CPU.ActiveCfg = Debug|Any CPU
		{DCCD0365-A232-47C7-AB98-3B559598874B}.Debug|Any CPU.Build.0 = Debug|Any CPU
		{DCCD0365-A232-47C7-AB98-3B559598874B}.Release|Any CPU.ActiveCfg = Release|Any CPU
		{DCCD0365-A232-47C7-AB98-3B559598874B}.Release|Any CPU.Build.0 = Release|Any CPU
	EndGlobalSection
	GlobalSection(SolutionProperties) = preSolution
		HideSolutionNode = FALSE
	EndGlobalSection
	GlobalSection(ExtensibilityGlobals) = postSolution
		SolutionGuid = {EEDD176D-EFE5-41AB-8A6F-42E596E7956F}
	EndGlobalSection
EndGlobal
